
Microsoft Visual Studio Solution File, Format Version 12.00
# Visual Studio Version 16
VisualStudioVersion = 16.0.29806.167
MinimumVisualStudioVersion = 10.0.40219.1
Project("{FAE04EC0-301F-11D3-BF4B-00C04F79EFBC}") = "OOP_lab2_5", "OOP_lab2_5\OOP_lab2_5.csproj", "{09B08472-ECE9-4B79-AAB3-DBBCE1E7C122}"
EndProject
Project("{2150E333-8FDC-42A3-9474-1A3956D46DE8}") = "Solution Items", "Solution Items", "{2ACAB3A1-7DFF-4C83-AC18-87D59BDF8038}"
	ProjectSection(SolutionItems) = preProject
		.travis.yml = .travis.yml
	EndProjectSection
EndProject
Global
	GlobalSection(SolutionConfigurationPlatforms) = preSolution
		Debug|Any CPU = Debug|Any CPU
		Release|Any CPU = Release|Any CPU
	EndGlobalSection
	GlobalSection(ProjectConfigurationPlatforms) = postSolution
		{09B08472-ECE9-4B79-AAB3-DBBCE1E7C122}.Debug|Any CPU.ActiveCfg = Debug|Any CPU
		{09B08472-ECE9-4B79-AAB3-DBBCE1E7C122}.Debug|Any CPU.Build.0 = Debug|Any CPU
		{09B08472-ECE9-4B79-AAB3-DBBCE1E7C122}.Release|Any CPU.ActiveCfg = Release|Any CPU
		{09B08472-ECE9-4B79-AAB3-DBBCE1E7C122}.Release|Any CPU.Build.0 = Release|Any CPU
	EndGlobalSection
	GlobalSection(SolutionProperties) = preSolution
		HideSolutionNode = FALSE
	EndGlobalSection
	GlobalSection(ExtensibilityGlobals) = postSolution
		SolutionGuid = {58F11363-CE03-4588-84EE-9D73DAB808C7}
	EndGlobalSection
EndGlobal
